
Microsoft Visual Studio Solution File, Format Version 12.00
# Visual Studio Version 16
VisualStudioVersion = 16.0.31613.86
MinimumVisualStudioVersion = 10.0.40219.1
Project("{FAE04EC0-301F-11D3-BF4B-00C04F79EFBC}") = "pipeline", "pipeline\pipeline.csproj", "{DB117ED7-84A1-4A88-A958-1DB874817491}"
EndProject
Global
	GlobalSection(SolutionConfigurationPlatforms) = preSolution
		Debug|Any CPU = Debug|Any CPU
		Release|Any CPU = Release|Any CPU
	EndGlobalSection
	GlobalSection(ProjectConfigurationPlatforms) = postSolution
		{DB117ED7-84A1-4A88-A958-1DB874817491}.Debug|Any CPU.ActiveCfg = Debug|Any CPU
		{DB117ED7-84A1-4A88-A958-1DB874817491}.Debug|Any CPU.Build.0 = Debug|Any CPU
		{DB117ED7-84A1-4A88-A958-1DB874817491}.Release|Any CPU.ActiveCfg = Release|Any CPU
		{DB117ED7-84A1-4A88-A958-1DB874817491}.Release|Any CPU.Build.0 = Release|Any CPU
	EndGlobalSection
	GlobalSection(SolutionProperties) = preSolution
		HideSolutionNode = FALSE
	EndGlobalSection
	GlobalSection(ExtensibilityGlobals) = postSolution
		SolutionGuid = {D0E32D3B-CAAE-4D86-BFF4-1D8ACB0FE44D}
	EndGlobalSection
EndGlobal
